// !$*UTF8*$!
{
	archiveVersion = 1;
	classes = {
	};
	objectVersion = 50;
	objects = {

/* Begin PBXBuildFile section */
		044F4F3322745C8C00F660CF /* Vertex.m in Sources */ = {isa = PBXBuildFile; fileRef = 044F4F3222745C8C00F660CF /* Vertex.m */; };
		044F4F3622745C9E00F660CF /* Stroke.m in Sources */ = {isa = PBXBuildFile; fileRef = 044F4F3522745C9E00F660CF /* Stroke.m */; };
		044F4F3A2274602F00F660CF /* Dot.m in Sources */ = {isa = PBXBuildFile; fileRef = 044F4F392274602F00F660CF /* Dot.m */; };
		047D81542274640000D19D1A /* MarkRenderer.m in Sources */ = {isa = PBXBuildFile; fileRef = 047D81532274640000D19D1A /* MarkRenderer.m */; };
		047D81572274663400D19D1A /* CanvasView.m in Sources */ = {isa = PBXBuildFile; fileRef = 047D81562274663400D19D1A /* CanvasView.m */; };
		04B5ADD6227454180085CB56 /* AppDelegate.m in Sources */ = {isa = PBXBuildFile; fileRef = 04B5ADD5227454180085CB56 /* AppDelegate.m */; };
		04B5ADD9227454180085CB56 /* ViewController.m in Sources */ = {isa = PBXBuildFile; fileRef = 04B5ADD8227454180085CB56 /* ViewController.m */; };
		04B5ADDC227454180085CB56 /* Main.storyboard in Resources */ = {isa = PBXBuildFile; fileRef = 04B5ADDA227454180085CB56 /* Main.storyboard */; };
		04B5ADDE2274541B0085CB56 /* Assets.xcassets in Resources */ = {isa = PBXBuildFile; fileRef = 04B5ADDD2274541B0085CB56 /* Assets.xcassets */; };
		04B5ADE12274541B0085CB56 /* LaunchScreen.storyboard in Resources */ = {isa = PBXBuildFile; fileRef = 04B5ADDF2274541B0085CB56 /* LaunchScreen.storyboard */; };
		04B5ADE42274541B0085CB56 /* main.m in Sources */ = {isa = PBXBuildFile; fileRef = 04B5ADE32274541B0085CB56 /* main.m */; };
		04B5ADEE2274541C0085CB56 /* VisitorPatternTests.m in Sources */ = {isa = PBXBuildFile; fileRef = 04B5ADED2274541C0085CB56 /* VisitorPatternTests.m */; };
		04B5ADF92274541C0085CB56 /* VisitorPatternUITests.m in Sources */ = {isa = PBXBuildFile; fileRef = 04B5ADF82274541C0085CB56 /* VisitorPatternUITests.m */; };
/* End PBXBuildFile section */

/* Begin PBXContainerItemProxy section */
		04B5ADEA2274541C0085CB56 /* PBXContainerItemProxy */ = {
			isa = PBXContainerItemProxy;
			containerPortal = 04B5ADC9227454180085CB56 /* Project object */;
			proxyType = 1;
			remoteGlobalIDString = 04B5ADD0227454180085CB56;
			remoteInfo = VisitorPattern;
		};
		04B5ADF52274541C0085CB56 /* PBXContainerItemProxy */ = {
			isa = PBXContainerItemProxy;
			containerPortal = 04B5ADC9227454180085CB56 /* Project object */;
			proxyType = 1;
			remoteGlobalIDString = 04B5ADD0227454180085CB56;
			remoteInfo = VisitorPattern;
		};
/* End PBXContainerItemProxy section */

/* Begin PBXFileReference section */
		040961EF227455EE009A8D95 /* MarkVisitor.h */ = {isa = PBXFileReference; lastKnownFileType = sourcecode.c.h; path = MarkVisitor.h; sourceTree = "<group>"; };
		044F4F3122745C8C00F660CF /* Vertex.h */ = {isa = PBXFileReference; lastKnownFileType = sourcecode.c.h; path = Vertex.h; sourceTree = "<group>"; };
		044F4F3222745C8C00F660CF /* Vertex.m */ = {isa = PBXFileReference; lastKnownFileType = sourcecode.c.objc; path = Vertex.m; sourceTree = "<group>"; };
		044F4F3422745C9E00F660CF /* Stroke.h */ = {isa = PBXFileReference; lastKnownFileType = sourcecode.c.h; path = Stroke.h; sourceTree = "<group>"; };
		044F4F3522745C9E00F660CF /* Stroke.m */ = {isa = PBXFileReference; lastKnownFileType = sourcecode.c.objc; path = Stroke.m; sourceTree = "<group>"; };
		044F4F382274602F00F660CF /* Dot.h */ = {isa = PBXFileReference; lastKnownFileType = sourcecode.c.h; path = Dot.h; sourceTree = "<group>"; };
		044F4F392274602F00F660CF /* Dot.m */ = {isa = PBXFileReference; lastKnownFileType = sourcecode.c.objc; path = Dot.m; sourceTree = "<group>"; };
		047D8151227463B900D19D1A /* Mark.h */ = {isa = PBXFileReference; lastKnownFileType = sourcecode.c.h; path = Mark.h; sourceTree = "<group>"; };
		047D81522274640000D19D1A /* MarkRenderer.h */ = {isa = PBXFileReference; lastKnownFileType = sourcecode.c.h; path = MarkRenderer.h; sourceTree = "<group>"; };
		047D81532274640000D19D1A /* MarkRenderer.m */ = {isa = PBXFileReference; lastKnownFileType = sourcecode.c.objc; path = MarkRenderer.m; sourceTree = "<group>"; };
		047D81552274663400D19D1A /* CanvasView.h */ = {isa = PBXFileReference; lastKnownFileType = sourcecode.c.h; path = CanvasView.h; sourceTree = "<group>"; };
		047D81562274663400D19D1A /* CanvasView.m */ = {isa = PBXFileReference; lastKnownFileType = sourcecode.c.objc; path = CanvasView.m; sourceTree = "<group>"; };
		04B5ADD1227454180085CB56 /* VisitorPattern.app */ = {isa = PBXFileReference; explicitFileType = wrapper.application; includeInIndex = 0; path = VisitorPattern.app; sourceTree = BUILT_PRODUCTS_DIR; };
		04B5ADD4227454180085CB56 /* AppDelegate.h */ = {isa = PBXFileReference; lastKnownFileType = sourcecode.c.h; path = AppDelegate.h; sourceTree = "<group>"; };
		04B5ADD5227454180085CB56 /* AppDelegate.m */ = {isa = PBXFileReference; lastKnownFileType = sourcecode.c.objc; path = AppDelegate.m; sourceTree = "<group>"; };
		04B5ADD7227454180085CB56 /* ViewController.h */ = {isa = PBXFileReference; lastKnownFileType = sourcecode.c.h; path = ViewController.h; sourceTree = "<group>"; };
		04B5ADD8227454180085CB56 /* ViewController.m */ = {isa = PBXFileReference; lastKnownFileType = sourcecode.c.objc; path = ViewController.m; sourceTree = "<group>"; };
		04B5ADDB227454180085CB56 /* Base */ = {isa = PBXFileReference; lastKnownFileType = file.storyboard; name = Base; path = Base.lproj/Main.storyboard; sourceTree = "<group>"; };
		04B5ADDD2274541B0085CB56 /* Assets.xcassets */ = {isa = PBXFileReference; lastKnownFileType = folder.assetcatalog; path = Assets.xcassets; sourceTree = "<group>"; };
		04B5ADE02274541B0085CB56 /* Base */ = {isa = PBXFileReference; lastKnownFileType = file.storyboard; name = Base; path = Base.lproj/LaunchScreen.storyboard; sourceTree = "<group>"; };
		04B5ADE22274541B0085CB56 /* Info.plist */ = {isa = PBXFileReference; lastKnownFileType = text.plist.xml; path = Info.plist; sourceTree = "<group>"; };
		04B5ADE32274541B0085CB56 /* main.m */ = {isa = PBXFileReference; lastKnownFileType = sourcecode.c.objc; path = main.m; sourceTree = "<group>"; };
		04B5ADE92274541C0085CB56 /* VisitorPatternTests.xctest */ = {isa = PBXFileReference; explicitFileType = wrapper.cfbundle; includeInIndex = 0; path = VisitorPatternTests.xctest; sourceTree = BUILT_PRODUCTS_DIR; };
		04B5ADED2274541C0085CB56 /* VisitorPatternTests.m */ = {isa = PBXFileReference; lastKnownFileType = sourcecode.c.objc; path = VisitorPatternTests.m; sourceTree = "<group>"; };
		04B5ADEF2274541C0085CB56 /* Info.plist */ = {isa = PBXFileReference; lastKnownFileType = text.plist.xml; path = Info.plist; sourceTree = "<group>"; };
		04B5ADF42274541C0085CB56 /* VisitorPatternUITests.xctest */ = {isa = PBXFileReference; explicitFileType = wrapper.cfbundle; includeInIndex = 0; path = VisitorPatternUITests.xctest; sourceTree = BUILT_PRODUCTS_DIR; };
		04B5ADF82274541C0085CB56 /* VisitorPatternUITests.m */ = {isa = PBXFileReference; lastKnownFileType = sourcecode.c.objc; path = VisitorPatternUITests.m; sourceTree = "<group>"; };
		04B5ADFA2274541C0085CB56 /* Info.plist */ = {isa = PBXFileReference; lastKnownFileType = text.plist.xml; path = Info.plist; sourceTree = "<group>"; };
/* End PBXFileReference section */

/* Begin PBXFrameworksBuildPhase section */
		04B5ADCE227454180085CB56 /* Frameworks */ = {
			isa = PBXFrameworksBuildPhase;
			buildActionMask = 2147483647;
			files = (
			);
			runOnlyForDeploymentPostprocessing = 0;
		};
		04B5ADE62274541C0085CB56 /* Frameworks */ = {
			isa = PBXFrameworksBuildPhase;
			buildActionMask = 2147483647;
			files = (
			);
			runOnlyForDeploymentPostprocessing = 0;
		};
		04B5ADF12274541C0085CB56 /* Frameworks */ = {
			isa = PBXFrameworksBuildPhase;
			buildActionMask = 2147483647;
			files = (
			);
			runOnlyForDeploymentPostprocessing = 0;
		};
/* End PBXFrameworksBuildPhase section */

/* Begin PBXGroup section */
		04B5ADC8227454180085CB56 = {
			isa = PBXGroup;
			children = (
				04B5ADD3227454180085CB56 /* VisitorPattern */,
				04B5ADEC2274541C0085CB56 /* VisitorPatternTests */,
				04B5ADF72274541C0085CB56 /* VisitorPatternUITests */,
				04B5ADD2227454180085CB56 /* Products */,
			);
			sourceTree = "<group>";
		};
		04B5ADD2227454180085CB56 /* Products */ = {
			isa = PBXGroup;
			children = (
				04B5ADD1227454180085CB56 /* VisitorPattern.app */,
				04B5ADE92274541C0085CB56 /* VisitorPatternTests.xctest */,
				04B5ADF42274541C0085CB56 /* VisitorPatternUITests.xctest */,
			);
			name = Products;
			sourceTree = "<group>";
		};
		04B5ADD3227454180085CB56 /* VisitorPattern */ = {
			isa = PBXGroup;
			children = (
				04B5ADD4227454180085CB56 /* AppDelegate.h */,
				04B5ADD5227454180085CB56 /* AppDelegate.m */,
				04B5ADD7227454180085CB56 /* ViewController.h */,
				04B5ADD8227454180085CB56 /* ViewController.m */,
				04B5ADDA227454180085CB56 /* Main.storyboard */,
				04B5ADDD2274541B0085CB56 /* Assets.xcassets */,
				04B5ADDF2274541B0085CB56 /* LaunchScreen.storyboard */,
				04B5ADE22274541B0085CB56 /* Info.plist */,
				04B5ADE32274541B0085CB56 /* main.m */,
				040961EF227455EE009A8D95 /* MarkVisitor.h */,
				044F4F3122745C8C00F660CF /* Vertex.h */,
				044F4F3222745C8C00F660CF /* Vertex.m */,
				044F4F3422745C9E00F660CF /* Stroke.h */,
				044F4F3522745C9E00F660CF /* Stroke.m */,
				044F4F382274602F00F660CF /* Dot.h */,
				044F4F392274602F00F660CF /* Dot.m */,
				047D8151227463B900D19D1A /* Mark.h */,
				047D81522274640000D19D1A /* MarkRenderer.h */,
				047D81532274640000D19D1A /* MarkRenderer.m */,
				047D81552274663400D19D1A /* CanvasView.h */,
				047D81562274663400D19D1A /* CanvasView.m */,
			);
			path = VisitorPattern;
			sourceTree = "<group>";
		};
		04B5ADEC2274541C0085CB56 /* VisitorPatternTests */ = {
			isa = PBXGroup;
			children = (
				04B5ADED2274541C0085CB56 /* VisitorPatternTests.m */,
				04B5ADEF2274541C0085CB56 /* Info.plist */,
			);
			path = VisitorPatternTests;
			sourceTree = "<group>";
		};
		04B5ADF72274541C0085CB56 /* VisitorPatternUITests */ = {
			isa = PBXGroup;
			children = (
				04B5ADF82274541C0085CB56 /* VisitorPatternUITests.m */,
				04B5ADFA2274541C0085CB56 /* Info.plist */,
			);
			path = VisitorPatternUITests;
			sourceTree = "<group>";
		};
/* End PBXGroup section */

/* Begin PBXNativeTarget section */
		04B5ADD0227454180085CB56 /* VisitorPattern */ = {
			isa = PBXNativeTarget;
			buildConfigurationList = 04B5ADFD2274541C0085CB56 /* Build configuration list for PBXNativeTarget "VisitorPattern" */;
			buildPhases = (
				04B5ADCD227454180085CB56 /* Sources */,
				04B5ADCE227454180085CB56 /* Frameworks */,
				04B5ADCF227454180085CB56 /* Resources */,
			);
			buildRules = (
			);
			dependencies = (
			);
			name = VisitorPattern;
			productName = VisitorPattern;
			productReference = 04B5ADD1227454180085CB56 /* VisitorPattern.app */;
			productType = "com.apple.product-type.application";
		};
		04B5ADE82274541C0085CB56 /* VisitorPatternTests */ = {
			isa = PBXNativeTarget;
			buildConfigurationList = 04B5AE002274541C0085CB56 /* Build configuration list for PBXNativeTarget "VisitorPatternTests" */;
			buildPhases = (
				04B5ADE52274541C0085CB56 /* Sources */,
				04B5ADE62274541C0085CB56 /* Frameworks */,
				04B5ADE72274541C0085CB56 /* Resources */,
			);
			buildRules = (
			);
			dependencies = (
				04B5ADEB2274541C0085CB56 /* PBXTargetDependency */,
			);
			name = VisitorPatternTests;
			productName = VisitorPatternTests;
			productReference = 04B5ADE92274541C0085CB56 /* VisitorPatternTests.xctest */;
			productType = "com.apple.product-type.bundle.unit-test";
		};
		04B5ADF32274541C0085CB56 /* VisitorPatternUITests */ = {
			isa = PBXNativeTarget;
			buildConfigurationList = 04B5AE032274541C0085CB56 /* Build configuration list for PBXNativeTarget "VisitorPatternUITests" */;
			buildPhases = (
				04B5ADF02274541C0085CB56 /* Sources */,
				04B5ADF12274541C0085CB56 /* Frameworks */,
				04B5ADF22274541C0085CB56 /* Resources */,
			);
			buildRules = (
			);
			dependencies = (
				04B5ADF62274541C0085CB56 /* PBXTargetDependency */,
			);
			name = VisitorPatternUITests;
			productName = VisitorPatternUITests;
			productReference = 04B5ADF42274541C0085CB56 /* VisitorPatternUITests.xctest */;
			productType = "com.apple.product-type.bundle.ui-testing";
		};
/* End PBXNativeTarget section */

/* Begin PBXProject section */
		04B5ADC9227454180085CB56 /* Project object */ = {
			isa = PBXProject;
			attributes = {
				LastUpgradeCheck = 1020;
				ORGANIZATIONNAME = Abj;
				TargetAttributes = {
					04B5ADD0227454180085CB56 = {
						CreatedOnToolsVersion = 10.2.1;
					};
					04B5ADE82274541C0085CB56 = {
						CreatedOnToolsVersion = 10.2.1;
						TestTargetID = 04B5ADD0227454180085CB56;
					};
					04B5ADF32274541C0085CB56 = {
						CreatedOnToolsVersion = 10.2.1;
						TestTargetID = 04B5ADD0227454180085CB56;
					};
				};
			};
			buildConfigurationList = 04B5ADCC227454180085CB56 /* Build configuration list for PBXProject "VisitorPattern" */;
			compatibilityVersion = "Xcode 9.3";
			developmentRegion = en;
			hasScannedForEncodings = 0;
			knownRegions = (
				en,
				Base,
			);
			mainGroup = 04B5ADC8227454180085CB56;
			productRefGroup = 04B5ADD2227454180085CB56 /* Products */;
			projectDirPath = "";
			projectRoot = "";
			targets = (
				04B5ADD0227454180085CB56 /* VisitorPattern */,
				04B5ADE82274541C0085CB56 /* VisitorPatternTests */,
				04B5ADF32274541C0085CB56 /* VisitorPatternUITests */,
			);
		};
/* End PBXProject section */

/* Begin PBXResourcesBuildPhase section */
		04B5ADCF227454180085CB56 /* Resources */ = {
			isa = PBXResourcesBuildPhase;
			buildActionMask = 2147483647;
			files = (
				04B5ADE12274541B0085CB56 /* LaunchScreen.storyboard in Resources */,
				04B5ADDE2274541B0085CB56 /* Assets.xcassets in Resources */,
				04B5ADDC227454180085CB56 /* Main.storyboard in Resources */,
			);
			runOnlyForDeploymentPostprocessing = 0;
		};
		04B5ADE72274541C0085CB56 /* Resources */ = {
			isa = PBXResourcesBuildPhase;
			buildActionMask = 2147483647;
			files = (
			);
			runOnlyForDeploymentPostprocessing = 0;
		};
		04B5ADF22274541C0085CB56 /* Resources */ = {
			isa = PBXResourcesBuildPhase;
			buildActionMask = 2147483647;
			files = (
			);
			runOnlyForDeploymentPostprocessing = 0;
		};
/* End PBXResourcesBuildPhase section */

/* Begin PBXSourcesBuildPhase section */
		04B5ADCD227454180085CB56 /* Sources */ = {
			isa = PBXSourcesBuildPhase;
			buildActionMask = 2147483647;
			files = (
				04B5ADD9227454180085CB56 /* ViewController.m in Sources */,
				04B5ADE42274541B0085CB56 /* main.m in Sources */,
				047D81542274640000D19D1A /* MarkRenderer.m in Sources */,
				044F4F3322745C8C00F660CF /* Vertex.m in Sources */,
				044F4F3A2274602F00F660CF /* Dot.m in Sources */,
				04B5ADD6227454180085CB56 /* AppDelegate.m in Sources */,
				047D81572274663400D19D1A /* CanvasView.m in Sources */,
				044F4F3622745C9E00F660CF /* Stroke.m in Sources */,
			);
			runOnlyForDeploymentPostprocessing = 0;
		};
		04B5ADE52274541C0085CB56 /* Sources */ = {
			isa = PBXSourcesBuildPhase;
			buildActionMask = 2147483647;
			files = (
				04B5ADEE2274541C0085CB56 /* VisitorPatternTests.m in Sources */,
			);
			runOnlyForDeploymentPostprocessing = 0;
		};
		04B5ADF02274541C0085CB56 /* Sources */ = {
			isa = PBXSourcesBuildPhase;
			buildActionMask = 2147483647;
			files = (
				04B5ADF92274541C0085CB56 /* VisitorPatternUITests.m in Sources */,
			);
			runOnlyForDeploymentPostprocessing = 0;
		};
/* End PBXSourcesBuildPhase section */

/* Begin PBXTargetDependency section */
		04B5ADEB2274541C0085CB56 /* PBXTargetDependency */ = {
			isa = PBXTargetDependency;
			target = 04B5ADD0227454180085CB56 /* VisitorPattern */;
			targetProxy = 04B5ADEA2274541C0085CB56 /* PBXContainerItemProxy */;
		};
		04B5ADF62274541C0085CB56 /* PBXTargetDependency */ = {
			isa = PBXTargetDependency;
			target = 04B5ADD0227454180085CB56 /* VisitorPattern */;
			targetProxy = 04B5ADF52274541C0085CB56 /* PBXContainerItemProxy */;
		};
/* End PBXTargetDependency section */

/* Begin PBXVariantGroup section */
		04B5ADDA227454180085CB56 /* Main.storyboard */ = {
			isa = PBXVariantGroup;
			children = (
				04B5ADDB227454180085CB56 /* Base */,
			);
			name = Main.storyboard;
			sourceTree = "<group>";
		};
		04B5ADDF2274541B0085CB56 /* LaunchScreen.storyboard */ = {
			isa = PBXVariantGroup;
			children = (
				04B5ADE02274541B0085CB56 /* Base */,
			);
			name = LaunchScreen.storyboard;
			sourceTree = "<group>";
		};
/* End PBXVariantGroup section */

/* Begin XCBuildConfiguration section */
		04B5ADFB2274541C0085CB56 /* Debug */ = {
			isa = XCBuildConfiguration;
			buildSettings = {
				ALWAYS_SEARCH_USER_PATHS = NO;
				CLANG_ANALYZER_NONNULL = YES;
				CLANG_ANALYZER_NUMBER_OBJECT_CONVERSION = YES_AGGRESSIVE;
				CLANG_CXX_LANGUAGE_STANDARD = "gnu++14";
				CLANG_CXX_LIBRARY = "libc++";
				CLANG_ENABLE_MODULES = YES;
				CLANG_ENABLE_OBJC_ARC = YES;
				CLANG_ENABLE_OBJC_WEAK = YES;
				CLANG_WARN_BLOCK_CAPTURE_AUTORELEASING = YES;
				CLANG_WARN_BOOL_CONVERSION = YES;
				CLANG_WARN_COMMA = YES;
				CLANG_WARN_CONSTANT_CONVERSION = YES;
				CLANG_WARN_DEPRECATED_OBJC_IMPLEMENTATIONS = YES;
				CLANG_WARN_DIRECT_OBJC_ISA_USAGE = YES_ERROR;
				CLANG_WARN_DOCUMENTATION_COMMENTS = YES;
				CLANG_WARN_EMPTY_BODY = YES;
				CLANG_WARN_ENUM_CONVERSION = YES;
				CLANG_WARN_INFINITE_RECURSION = YES;
				CLANG_WARN_INT_CONVERSION = YES;
				CLANG_WARN_NON_LITERAL_NULL_CONVERSION = YES;
				CLANG_WARN_OBJC_IMPLICIT_RETAIN_SELF = YES;
				CLANG_WARN_OBJC_LITERAL_CONVERSION = YES;
				CLANG_WARN_OBJC_ROOT_CLASS = YES_ERROR;
				CLANG_WARN_RANGE_LOOP_ANALYSIS = YES;
				CLANG_WARN_STRICT_PROTOTYPES = YES;
				CLANG_WARN_SUSPICIOUS_MOVE = YES;
				CLANG_WARN_UNGUARDED_AVAILABILITY = YES_AGGRESSIVE;
				CLANG_WARN_UNREACHABLE_CODE = YES;
				CLANG_WARN__DUPLICATE_METHOD_MATCH = YES;
				CODE_SIGN_IDENTITY = "iPhone Developer";
				COPY_PHASE_STRIP = NO;
				DEBUG_INFORMATION_FORMAT = dwarf;
				ENABLE_STRICT_OBJC_MSGSEND = YES;
				ENABLE_TESTABILITY = YES;
				GCC_C_LANGUAGE_STANDARD = gnu11;
				GCC_DYNAMIC_NO_PIC = NO;
				GCC_NO_COMMON_BLOCKS = YES;
				GCC_OPTIMIZATION_LEVEL = 0;
				GCC_PREPROCESSOR_DEFINITIONS = (
					"DEBUG=1",
					"$(inherited)",
				);
				GCC_WARN_64_TO_32_BIT_CONVERSION = YES;
				GCC_WARN_ABOUT_RETURN_TYPE = YES_ERROR;
				GCC_WARN_UNDECLARED_SELECTOR = YES;
				GCC_WARN_UNINITIALIZED_AUTOS = YES_AGGRESSIVE;
				GCC_WARN_UNUSED_FUNCTION = YES;
				GCC_WARN_UNUSED_VARIABLE = YES;
				IPHONEOS_DEPLOYMENT_TARGET = 12.2;
				MTL_ENABLE_DEBUG_INFO = INCLUDE_SOURCE;
				MTL_FAST_MATH = YES;
				ONLY_ACTIVE_ARCH = YES;
				SDKROOT = iphoneos;
			};
			name = Debug;
		};
		04B5ADFC2274541C0085CB56 /* Release */ = {
			isa = XCBuildConfiguration;
			buildSettings = {
				ALWAYS_SEARCH_USER_PATHS = NO;
				CLANG_ANALYZER_NONNULL = YES;
				CLANG_ANALYZER_NUMBER_OBJECT_CONVERSION = YES_AGGRESSIVE;
				CLANG_CXX_LANGUAGE_STANDARD = "gnu++14";
				CLANG_CXX_LIBRARY = "libc++";
				CLANG_ENABLE_MODULES = YES;
				CLANG_ENABLE_OBJC_ARC = YES;
				CLANG_ENABLE_OBJC_WEAK = YES;
				CLANG_WARN_BLOCK_CAPTURE_AUTORELEASING = YES;
				CLANG_WARN_BOOL_CONVERSION = YES;
				CLANG_WARN_COMMA = YES;
				CLANG_WARN_CONSTANT_CONVERSION = YES;
				CLANG_WARN_DEPRECATED_OBJC_IMPLEMENTATIONS = YES;
				CLANG_WARN_DIRECT_OBJC_ISA_USAGE = YES_ERROR;
				CLANG_WARN_DOCUMENTATION_COMMENTS = YES;
				CLANG_WARN_EMPTY_BODY = YES;
				CLANG_WARN_ENUM_CONVERSION = YES;
				CLANG_WARN_INFINITE_RECURSION = YES;
				CLANG_WARN_INT_CONVERSION = YES;
				CLANG_WARN_NON_LITERAL_NULL_CONVERSION = YES;
				CLANG_WARN_OBJC_IMPLICIT_RETAIN_SELF = YES;
				CLANG_WARN_OBJC_LITERAL_CONVERSION = YES;
				CLANG_WARN_OBJC_ROOT_CLASS = YES_ERROR;
				CLANG_WARN_RANGE_LOOP_ANALYSIS = YES;
				CLANG_WARN_STRICT_PROTOTYPES = YES;
				CLANG_WARN_SUSPICIOUS_MOVE = YES;
				CLANG_WARN_UNGUARDED_AVAILABILITY = YES_AGGRESSIVE;
				CLANG_WARN_UNREACHABLE_CODE = YES;
				CLANG_WARN__DUPLICATE_METHOD_MATCH = YES;
				CODE_SIGN_IDENTITY = "iPhone Developer";
				COPY_PHASE_STRIP = NO;
				DEBUG_INFORMATION_FORMAT = "dwarf-with-dsym";
				ENABLE_NS_ASSERTIONS = NO;
				ENABLE_STRICT_OBJC_MSGSEND = YES;
				GCC_C_LANGUAGE_STANDARD = gnu11;
				GCC_NO_COMMON_BLOCKS = YES;
				GCC_WARN_64_TO_32_BIT_CONVERSION = YES;
				GCC_WARN_ABOUT_RETURN_TYPE = YES_ERROR;
				GCC_WARN_UNDECLARED_SELECTOR = YES;
				GCC_WARN_UNINITIALIZED_AUTOS = YES_AGGRESSIVE;
				GCC_WARN_UNUSED_FUNCTION = YES;
				GCC_WARN_UNUSED_VARIABLE = YES;
				IPHONEOS_DEPLOYMENT_TARGET = 12.2;
				MTL_ENABLE_DEBUG_INFO = NO;
				MTL_FAST_MATH = YES;
				SDKROOT = iphoneos;
				VALIDATE_PRODUCT = YES;
			};
			name = Release;
		};
		04B5ADFE2274541C0085CB56 /* Debug */ = {
			isa = XCBuildConfiguration;
			buildSettings = {
				ASSETCATALOG_COMPILER_APPICON_NAME = AppIcon;
				CODE_SIGN_STYLE = Automatic;
				DEVELOPMENT_TEAM = F39MP7F323;
				INFOPLIST_FILE = VisitorPattern/Info.plist;
				LD_RUNPATH_SEARCH_PATHS = (
					"$(inherited)",
					"@executable_path/Frameworks",
				);
				PRODUCT_BUNDLE_IDENTIFIER = com.abj.VisitorPattern;
				PRODUCT_NAME = "$(TARGET_NAME)";
				TARGETED_DEVICE_FAMILY = "1,2";
			};
			name = Debug;
		};
		04B5ADFF2274541C0085CB56 /* Release */ = {
			isa = XCBuildConfiguration;
			buildSettings = {
				ASSETCATALOG_COMPILER_APPICON_NAME = AppIcon;
				CODE_SIGN_STYLE = Automatic;
				DEVELOPMENT_TEAM = F39MP7F323;
				INFOPLIST_FILE = VisitorPattern/Info.plist;
				LD_RUNPATH_SEARCH_PATHS = (
					"$(inherited)",
					"@executable_path/Frameworks",
				);
				PRODUCT_BUNDLE_IDENTIFIER = com.abj.VisitorPattern;
				PRODUCT_NAME = "$(TARGET_NAME)";
				TARGETED_DEVICE_FAMILY = "1,2";
			};
			name = Release;
		};
		04B5AE012274541C0085CB56 /* Debug */ = {
			isa = XCBuildConfiguration;
			buildSettings = {
				BUNDLE_LOADER = "$(TEST_HOST)";
				CODE_SIGN_STYLE = Automatic;
				DEVELOPMENT_TEAM = F39MP7F323;
				INFOPLIST_FILE = VisitorPatternTests/Info.plist;
				LD_RUNPATH_SEARCH_PATHS = (
					"$(inherited)",
					"@executable_path/Frameworks",
					"@loader_path/Frameworks",
				);
				PRODUCT_BUNDLE_IDENTIFIER = com.abj.VisitorPatternTests;
				PRODUCT_NAME = "$(TARGET_NAME)";
				TARGETED_DEVICE_FAMILY = "1,2";
				TEST_HOST = "$(BUILT_PRODUCTS_DIR)/VisitorPattern.app/VisitorPattern";
			};
			name = Debug;
		};
		04B5AE022274541C0085CB56 /* Release */ = {
			isa = XCBuildConfiguration;
			buildSettings = {
				BUNDLE_LOADER = "$(TEST_HOST)";
				CODE_SIGN_STYLE = Automatic;
				DEVELOPMENT_TEAM = F39MP7F323;
				INFOPLIST_FILE = VisitorPatternTests/Info.plist;
				LD_RUNPATH_SEARCH_PATHS = (
					"$(inherited)",
					"@executable_path/Frameworks",
					"@loader_path/Frameworks",
				);
				PRODUCT_BUNDLE_IDENTIFIER = com.abj.VisitorPatternTests;
				PRODUCT_NAME = "$(TARGET_NAME)";
				TARGETED_DEVICE_FAMILY = "1,2";
				TEST_HOST = "$(BUILT_PRODUCTS_DIR)/VisitorPattern.app/VisitorPattern";
			};
			name = Release;
		};
		04B5AE042274541C0085CB56 /* Debug */ = {
			isa = XCBuildConfiguration;
			buildSettings = {
				CODE_SIGN_STYLE = Automatic;
				DEVELOPMENT_TEAM = F39MP7F323;
				INFOPLIST_FILE = VisitorPatternUITests/Info.plist;
				LD_RUNPATH_SEARCH_PATHS = (
					"$(inherited)",
					"@executable_path/Frameworks",
					"@loader_path/Frameworks",
				);
				PRODUCT_BUNDLE_IDENTIFIER = com.abj.VisitorPatternUITests;
				PRODUCT_NAME = "$(TARGET_NAME)";
				TARGETED_DEVICE_FAMILY = "1,2";
				TEST_TARGET_NAME = VisitorPattern;
			};
			name = Debug;
		};
		04B5AE052274541C0085CB56 /* Release */ = {
			isa = XCBuildConfiguration;
			buildSettings = {
				CODE_SIGN_STYLE = Automatic;
				DEVELOPMENT_TEAM = F39MP7F323;
				INFOPLIST_FILE = VisitorPatternUITests/Info.plist;
				LD_RUNPATH_SEARCH_PATHS = (
					"$(inherited)",
					"@executable_path/Frameworks",
					"@loader_path/Frameworks",
				);
				PRODUCT_BUNDLE_IDENTIFIER = com.abj.VisitorPatternUITests;
				PRODUCT_NAME = "$(TARGET_NAME)";
				TARGETED_DEVICE_FAMILY = "1,2";
				TEST_TARGET_NAME = VisitorPattern;
			};
			name = Release;
		};
/* End XCBuildConfiguration section */

/* Begin XCConfigurationList section */
		04B5ADCC227454180085CB56 /* Build configuration list for PBXProject "VisitorPattern" */ = {
			isa = XCConfigurationList;
			buildConfigurations = (
				04B5ADFB2274541C0085CB56 /* Debug */,
				04B5ADFC2274541C0085CB56 /* Release */,
			);
			defaultConfigurationIsVisible = 0;
			defaultConfigurationName = Release;
		};
		04B5ADFD2274541C0085CB56 /* Build configuration list for PBXNativeTarget "VisitorPattern" */ = {
			isa = XCConfigurationList;
			buildConfigurations = (
				04B5ADFE2274541C0085CB56 /* Debug */,
				04B5ADFF2274541C0085CB56 /* Release */,
			);
			defaultConfigurationIsVisible = 0;
			defaultConfigurationName = Release;
		};
		04B5AE002274541C0085CB56 /* Build configuration list for PBXNativeTarget "VisitorPatternTests" */ = {
			isa = XCConfigurationList;
			buildConfigurations = (
				04B5AE012274541C0085CB56 /* Debug */,
				04B5AE022274541C0085CB56 /* Release */,
			);
			defaultConfigurationIsVisible = 0;
			defaultConfigurationName = Release;
		};
		04B5AE032274541C0085CB56 /* Build configuration list for PBXNativeTarget "VisitorPatternUITests" */ = {
			isa = XCConfigurationList;
			buildConfigurations = (
				04B5AE042274541C0085CB56 /* Debug */,
				04B5AE052274541C0085CB56 /* Release */,
			);
			defaultConfigurationIsVisible = 0;
			defaultConfigurationName = Release;
		};
/* End XCConfigurationList section */
	};
	rootObject = 04B5ADC9227454180085CB56 /* Project object */;
}
